{
  "nodes": {
    "flake-utils": {
      "inputs": {
        "systems": "systems"
      },
      "locked": {
        "lastModified": 1710146030,
        "narHash": "sha256-SZ5L6eA7HJ/nmkzGG7/ISclqe6oZdOZTNoesiInkXPQ=",
        "owner": "numtide",
        "repo": "flake-utils",
        "rev": "b1d9ab70662946ef0850d488da1c9019f3a9752a",
        "type": "github"
      },
      "original": {
        "owner": "numtide",
        "repo": "flake-utils",
        "type": "github"
      }
    },
    "flake-utils_2": {
      "inputs": {
        "systems": "systems_2"
      },
      "locked": {
        "lastModified": 1692799911,
        "narHash": "sha256-3eihraek4qL744EvQXsK1Ha6C3CR7nnT8X2qWap4RNk=",
        "owner": "numtide",
        "repo": "flake-utils",
        "rev": "f9e7cf818399d17d347f847525c5a5a8032e4e44",
        "type": "github"
      },
      "original": {
        "owner": "numtide",
        "repo": "flake-utils",
        "type": "github"
      }
    },
    "home-manager": {
      "inputs": {
        "nixpkgs": [
          "nixpkgs"
        ]
      },
      "locked": {
        "lastModified": 1710336510,
        "narHash": "sha256-mT/Z1AseVhhiFooCu2J7wudx+FivkRrlRBW0iBC2V/o=",
        "owner": "nix-community",
        "repo": "home-manager",
        "rev": "383296ffa45b539c28bf79ec2a272f652838ddd1",
        "type": "github"
      },
      "original": {
        "owner": "nix-community",
        "repo": "home-manager",
        "type": "github"
      }
    },
    "nixpkgs": {
      "locked": {
        "lastModified": 1710313540,
        "narHash": "sha256-HtTTpGe0azsEJVaT9RvbGFGB4idUneraLiUTxFb3ABM=",
        "owner": "nixos",
        "repo": "nixpkgs",
        "rev": "4008381882569ab4773f2ba0d7b7bbde8f665672",
        "type": "github"
      },
      "original": {
        "owner": "nixos",
        "ref": "nixpkgs-unstable",
        "repo": "nixpkgs",
        "type": "github"
      }
    },
    "root": {
      "inputs": {
        "flake-utils": "flake-utils",
        "home-manager": "home-manager",
        "nixpkgs": "nixpkgs",
        "spicetify-nix": "spicetify-nix"
      }
    },
    "spicetify-nix": {
      "inputs": {
        "flake-utils": "flake-utils_2",
        "nixpkgs": [
          "nixpkgs"
        ],
        "spicetify-themes": "spicetify-themes",
        "spicetify-themes-alindl": "spicetify-themes-alindl"
      },
      "locked": {
        "lastModified": 1694188096,
        "narHash": "sha256-EXfJhxdsxnoxuvv1dhPrOafLH5V7Cab6zq+CPoFbBow=",
        "owner": "kylesferrazza",
        "repo": "spicetify-nix",
        "rev": "9d4c3e38e822db89e98b40340ce70b368d437d1d",
        "type": "gitlab"
      },
      "original": {
        "owner": "kylesferrazza",
        "repo": "spicetify-nix",
        "type": "gitlab"
      }
    },
    "spicetify-themes": {
      "flake": false,
      "locked": {
        "lastModified": 1692252940,
        "narHash": "sha256-fnUINAgBCaklVDR2JsyvnN0ekBJ/sOnUNnKStug2txs=",
        "owner": "spicetify",
        "repo": "spicetify-themes",
        "rev": "7e9e898124c96f115dc61fb91d0499ae81f56892",
        "type": "github"
      },
      "original": {
        "owner": "spicetify",
        "repo": "spicetify-themes",
        "type": "github"
      }
    },
    "spicetify-themes-alindl": {
      "flake": false,
      "locked": {
        "lastModified": 1631272361,
        "narHash": "sha256-nCKERq40oLhYx+FP29Uxpf8v3GIIGyIhYNQNsT6gHmg=",
        "owner": "alindl",
        "repo": "spicetify-themes",
        "rev": "0708f73e83d29004d284ef20b8ac66206ec14911",
        "type": "github"
      },
      "original": {
        "owner": "alindl",
        "repo": "spicetify-themes",
        "type": "github"
      }
    },
    "systems": {
      "locked": {
        "lastModified": 1681028828,
        "narHash": "sha256-Vy1rq5AaRuLzOxct8nz4T6wlgyUR7zLU309k9mBC768=",
        "owner": "nix-systems",
        "repo": "default",
        "rev": "da67096a3b9bf56a91d16901293e51ba5b49a27e",
        "type": "github"
      },
      "original": {
        "owner": "nix-systems",
        "repo": "default",
        "type": "github"
      }
    },
    "systems_2": {
      "locked": {
        "lastModified": 1681028828,
        "narHash": "sha256-Vy1rq5AaRuLzOxct8nz4T6wlgyUR7zLU309k9mBC768=",
        "owner": "nix-systems",
        "repo": "default",
        "rev": "da67096a3b9bf56a91d16901293e51ba5b49a27e",
        "type": "github"
      },
      "original": {
        "owner": "nix-systems",
        "repo": "default",
        "type": "github"
      }
    }
  },
  "root": "root",
  "version": 7
}
